// !$*UTF8*$!
{
	archiveVersion = 1;
	classes = {
	};
	objectVersion = 56;
	objects = {

/* Begin PBXBuildFile section */
		33CD36682C18A4250032E8F7 /* FilmAramaApp.swift in Sources */ = {isa = PBXBuildFile; fileRef = 33CD36672C18A4250032E8F7 /* FilmAramaApp.swift */; };
		33CD366A2C18A4250032E8F7 /* ContentView.swift in Sources */ = {isa = PBXBuildFile; fileRef = 33CD36692C18A4250032E8F7 /* ContentView.swift */; };
		33CD366C2C18A4260032E8F7 /* Assets.xcassets in Resources */ = {isa = PBXBuildFile; fileRef = 33CD366B2C18A4260032E8F7 /* Assets.xcassets */; };
		33CD366F2C18A4260032E8F7 /* Preview Assets.xcassets in Resources */ = {isa = PBXBuildFile; fileRef = 33CD366E2C18A4260032E8F7 /* Preview Assets.xcassets */; };
		33CD36772C18A59F0032E8F7 /* DowloaderClient.swift in Sources */ = {isa = PBXBuildFile; fileRef = 33CD36762C18A59F0032E8F7 /* DowloaderClient.swift */; };
		33CD367D2C18A61D0032E8F7 /* Film.swift in Sources */ = {isa = PBXBuildFile; fileRef = 33CD367C2C18A61D0032E8F7 /* Film.swift */; };
/* End PBXBuildFile section */

/* Begin PBXFileReference section */
		33CD36642C18A4250032E8F7 /* FilmArama.app */ = {isa = PBXFileReference; explicitFileType = wrapper.application; includeInIndex = 0; path = FilmArama.app; sourceTree = BUILT_PRODUCTS_DIR; };
		33CD36672C18A4250032E8F7 /* FilmAramaApp.swift */ = {isa = PBXFileReference; lastKnownFileType = sourcecode.swift; path = FilmAramaApp.swift; sourceTree = "<group>"; };
		33CD36692C18A4250032E8F7 /* ContentView.swift */ = {isa = PBXFileReference; lastKnownFileType = sourcecode.swift; path = ContentView.swift; sourceTree = "<group>"; };
		33CD366B2C18A4260032E8F7 /* Assets.xcassets */ = {isa = PBXFileReference; lastKnownFileType = folder.assetcatalog; path = Assets.xcassets; sourceTree = "<group>"; };
		33CD366E2C18A4260032E8F7 /* Preview Assets.xcassets */ = {isa = PBXFileReference; lastKnownFileType = folder.assetcatalog; path = "Preview Assets.xcassets"; sourceTree = "<group>"; };
		33CD36762C18A59F0032E8F7 /* DowloaderClient.swift */ = {isa = PBXFileReference; lastKnownFileType = sourcecode.swift; path = DowloaderClient.swift; sourceTree = "<group>"; };
		33CD367C2C18A61D0032E8F7 /* Film.swift */ = {isa = PBXFileReference; lastKnownFileType = sourcecode.swift; path = Film.swift; sourceTree = "<group>"; };
/* End PBXFileReference section */

/* Begin PBXFrameworksBuildPhase section */
		33CD36612C18A4250032E8F7 /* Frameworks */ = {
			isa = PBXFrameworksBuildPhase;
			buildActionMask = 2147483647;
			files = (
			);
			runOnlyForDeploymentPostprocessing = 0;
		};
/* End PBXFrameworksBuildPhase section */

/* Begin PBXGroup section */
		33CD365B2C18A4250032E8F7 = {
			isa = PBXGroup;
			children = (
				33CD36662C18A4250032E8F7 /* FilmArama */,
				33CD36652C18A4250032E8F7 /* Products */,
			);
			sourceTree = "<group>";
		};
		33CD36652C18A4250032E8F7 /* Products */ = {
			isa = PBXGroup;
			children = (
				33CD36642C18A4250032E8F7 /* FilmArama.app */,
			);
			name = Products;
			sourceTree = "<group>";
		};
		33CD36662C18A4250032E8F7 /* FilmArama */ = {
			isa = PBXGroup;
			children = (
				33CD367B2C18A60E0032E8F7 /* Model */,
				33CD367A2C18A5F50032E8F7 /* ViewModel */,
				33CD36792C18A5DF0032E8F7 /* View */,
				33CD36782C18A5BD0032E8F7 /* App */,
				33CD36752C18A57D0032E8F7 /* Service */,
				33CD366B2C18A4260032E8F7 /* Assets.xcassets */,
				33CD366D2C18A4260032E8F7 /* Preview Content */,
			);
			path = FilmArama;
			sourceTree = "<group>";
		};
		33CD366D2C18A4260032E8F7 /* Preview Content */ = {
			isa = PBXGroup;
			children = (
				33CD366E2C18A4260032E8F7 /* Preview Assets.xcassets */,
			);
			path = "Preview Content";
			sourceTree = "<group>";
		};
		33CD36752C18A57D0032E8F7 /* Service */ = {
			isa = PBXGroup;
			children = (
				33CD36762C18A59F0032E8F7 /* DowloaderClient.swift */,
			);
			path = Service;
			sourceTree = "<group>";
		};
		33CD36782C18A5BD0032E8F7 /* App */ = {
			isa = PBXGroup;
			children = (
				33CD36672C18A4250032E8F7 /* FilmAramaApp.swift */,
			);
			path = App;
			sourceTree = "<group>";
		};
		33CD36792C18A5DF0032E8F7 /* View */ = {
			isa = PBXGroup;
			children = (
				33CD36692C18A4250032E8F7 /* ContentView.swift */,
			);
			path = View;
			sourceTree = "<group>";
		};
		33CD367A2C18A5F50032E8F7 /* ViewModel */ = {
			isa = PBXGroup;
			children = (
			);
			path = ViewModel;
			sourceTree = "<group>";
		};
		33CD367B2C18A60E0032E8F7 /* Model */ = {
			isa = PBXGroup;
			children = (
				33CD367C2C18A61D0032E8F7 /* Film.swift */,
			);
			path = Model;
			sourceTree = "<group>";
		};
/* End PBXGroup section */

/* Begin PBXNativeTarget section */
		33CD36632C18A4250032E8F7 /* FilmArama */ = {
			isa = PBXNativeTarget;
			buildConfigurationList = 33CD36722C18A4260032E8F7 /* Build configuration list for PBXNativeTarget "FilmArama" */;
			buildPhases = (
				33CD36602C18A4250032E8F7 /* Sources */,
				33CD36612C18A4250032E8F7 /* Frameworks */,
				33CD36622C18A4250032E8F7 /* Resources */,
			);
			buildRules = (
			);
			dependencies = (
			);
			name = FilmArama;
			productName = FilmArama;
			productReference = 33CD36642C18A4250032E8F7 /* FilmArama.app */;
			productType = "com.apple.product-type.application";
		};
/* End PBXNativeTarget section */

/* Begin PBXProject section */
		33CD365C2C18A4250032E8F7 /* Project object */ = {
			isa = PBXProject;
			attributes = {
				BuildIndependentTargetsInParallel = 1;
				LastSwiftUpdateCheck = 1540;
				LastUpgradeCheck = 1540;
				TargetAttributes = {
					33CD36632C18A4250032E8F7 = {
						CreatedOnToolsVersion = 15.4;
					};
				};
			};
			buildConfigurationList = 33CD365F2C18A4250032E8F7 /* Build configuration list for PBXProject "FilmArama" */;
			compatibilityVersion = "Xcode 14.0";
			developmentRegion = en;
			hasScannedForEncodings = 0;
			knownRegions = (
				en,
				Base,
			);
			mainGroup = 33CD365B2C18A4250032E8F7;
			productRefGroup = 33CD36652C18A4250032E8F7 /* Products */;
			projectDirPath = "";
			projectRoot = "";
			targets = (
				33CD36632C18A4250032E8F7 /* FilmArama */,
			);
		};
/* End PBXProject section */

/* Begin PBXResourcesBuildPhase section */
		33CD36622C18A4250032E8F7 /* Resources */ = {
			isa = PBXResourcesBuildPhase;
			buildActionMask = 2147483647;
			files = (
				33CD366F2C18A4260032E8F7 /* Preview Assets.xcassets in Resources */,
				33CD366C2C18A4260032E8F7 /* Assets.xcassets in Resources */,
			);
			runOnlyForDeploymentPostprocessing = 0;
		};
/* End PBXResourcesBuildPhase section */

/* Begin PBXSourcesBuildPhase section */
		33CD36602C18A4250032E8F7 /* Sources */ = {
			isa = PBXSourcesBuildPhase;
			buildActionMask = 2147483647;
			files = (
				33CD36772C18A59F0032E8F7 /* DowloaderClient.swift in Sources */,
				33CD367D2C18A61D0032E8F7 /* Film.swift in Sources */,
				33CD366A2C18A4250032E8F7 /* ContentView.swift in Sources */,
				33CD36682C18A4250032E8F7 /* FilmAramaApp.swift in Sources */,
			);
			runOnlyForDeploymentPostprocessing = 0;
		};
/* End PBXSourcesBuildPhase section */

/* Begin XCBuildConfiguration section */
		33CD36702C18A4260032E8F7 /* Debug */ = {
			isa = XCBuildConfiguration;
			buildSettings = {
				ALWAYS_SEARCH_USER_PATHS = NO;
				ASSETCATALOG_COMPILER_GENERATE_SWIFT_ASSET_SYMBOL_EXTENSIONS = YES;
				CLANG_ANALYZER_NONNULL = YES;
				CLANG_ANALYZER_NUMBER_OBJECT_CONVERSION = YES_AGGRESSIVE;
				CLANG_CXX_LANGUAGE_STANDARD = "gnu++20";
				CLANG_ENABLE_MODULES = YES;
				CLANG_ENABLE_OBJC_ARC = YES;
				CLANG_ENABLE_OBJC_WEAK = YES;
				CLANG_WARN_BLOCK_CAPTURE_AUTORELEASING = YES;
				CLANG_WARN_BOOL_CONVERSION = YES;
				CLANG_WARN_COMMA = YES;
				CLANG_WARN_CONSTANT_CONVERSION = YES;
				CLANG_WARN_DEPRECATED_OBJC_IMPLEMENTATIONS = YES;
				CLANG_WARN_DIRECT_OBJC_ISA_USAGE = YES_ERROR;
				CLANG_WARN_DOCUMENTATION_COMMENTS = YES;
				CLANG_WARN_EMPTY_BODY = YES;
				CLANG_WARN_ENUM_CONVERSION = YES;
				CLANG_WARN_INFINITE_RECURSION = YES;
				CLANG_WARN_INT_CONVERSION = YES;
				CLANG_WARN_NON_LITERAL_NULL_CONVERSION = YES;
				CLANG_WARN_OBJC_IMPLICIT_RETAIN_SELF = YES;
				CLANG_WARN_OBJC_LITERAL_CONVERSION = YES;
				CLANG_WARN_OBJC_ROOT_CLASS = YES_ERROR;
				CLANG_WARN_QUOTED_INCLUDE_IN_FRAMEWORK_HEADER = YES;
				CLANG_WARN_RANGE_LOOP_ANALYSIS = YES;
				CLANG_WARN_STRICT_PROTOTYPES = YES;
				CLANG_WARN_SUSPICIOUS_MOVE = YES;
				CLANG_WARN_UNGUARDED_AVAILABILITY = YES_AGGRESSIVE;
				CLANG_WARN_UNREACHABLE_CODE = YES;
				CLANG_WARN__DUPLICATE_METHOD_MATCH = YES;
				COPY_PHASE_STRIP = NO;
				DEBUG_INFORMATION_FORMAT = dwarf;
				ENABLE_STRICT_OBJC_MSGSEND = YES;
				ENABLE_TESTABILITY = YES;
				ENABLE_USER_SCRIPT_SANDBOXING = YES;
				GCC_C_LANGUAGE_STANDARD = gnu17;
				GCC_DYNAMIC_NO_PIC = NO;
				GCC_NO_COMMON_BLOCKS = YES;
				GCC_OPTIMIZATION_LEVEL = 0;
				GCC_PREPROCESSOR_DEFINITIONS = (
					"DEBUG=1",
					"$(inherited)",
				);
				GCC_WARN_64_TO_32_BIT_CONVERSION = YES;
				GCC_WARN_ABOUT_RETURN_TYPE = YES_ERROR;
				GCC_WARN_UNDECLARED_SELECTOR = YES;
				GCC_WARN_UNINITIALIZED_AUTOS = YES_AGGRESSIVE;
				GCC_WARN_UNUSED_FUNCTION = YES;
				GCC_WARN_UNUSED_VARIABLE = YES;
				IPHONEOS_DEPLOYMENT_TARGET = 17.5;
				LOCALIZATION_PREFERS_STRING_CATALOGS = YES;
				MTL_ENABLE_DEBUG_INFO = INCLUDE_SOURCE;
				MTL_FAST_MATH = YES;
				ONLY_ACTIVE_ARCH = YES;
				SDKROOT = iphoneos;
				SWIFT_ACTIVE_COMPILATION_CONDITIONS = "DEBUG $(inherited)";
				SWIFT_OPTIMIZATION_LEVEL = "-Onone";
			};
			name = Debug;
		};
		33CD36712C18A4260032E8F7 /* Release */ = {
			isa = XCBuildConfiguration;
			buildSettings = {
				ALWAYS_SEARCH_USER_PATHS = NO;
				ASSETCATALOG_COMPILER_GENERATE_SWIFT_ASSET_SYMBOL_EXTENSIONS = YES;
				CLANG_ANALYZER_NONNULL = YES;
				CLANG_ANALYZER_NUMBER_OBJECT_CONVERSION = YES_AGGRESSIVE;
				CLANG_CXX_LANGUAGE_STANDARD = "gnu++20";
				CLANG_ENABLE_MODULES = YES;
				CLANG_ENABLE_OBJC_ARC = YES;
				CLANG_ENABLE_OBJC_WEAK = YES;
				CLANG_WARN_BLOCK_CAPTURE_AUTORELEASING = YES;
				CLANG_WARN_BOOL_CONVERSION = YES;
				CLANG_WARN_COMMA = YES;
				CLANG_WARN_CONSTANT_CONVERSION = YES;
				CLANG_WARN_DEPRECATED_OBJC_IMPLEMENTATIONS = YES;
				CLANG_WARN_DIRECT_OBJC_ISA_USAGE = YES_ERROR;
				CLANG_WARN_DOCUMENTATION_COMMENTS = YES;
				CLANG_WARN_EMPTY_BODY = YES;
				CLANG_WARN_ENUM_CONVERSION = YES;
				CLANG_WARN_INFINITE_RECURSION = YES;
				CLANG_WARN_INT_CONVERSION = YES;
				CLANG_WARN_NON_LITERAL_NULL_CONVERSION = YES;
				CLANG_WARN_OBJC_IMPLICIT_RETAIN_SELF = YES;
				CLANG_WARN_OBJC_LITERAL_CONVERSION = YES;
				CLANG_WARN_OBJC_ROOT_CLASS = YES_ERROR;
				CLANG_WARN_QUOTED_INCLUDE_IN_FRAMEWORK_HEADER = YES;
				CLANG_WARN_RANGE_LOOP_ANALYSIS = YES;
				CLANG_WARN_STRICT_PROTOTYPES = YES;
				CLANG_WARN_SUSPICIOUS_MOVE = YES;
				CLANG_WARN_UNGUARDED_AVAILABILITY = YES_AGGRESSIVE;
				CLANG_WARN_UNREACHABLE_CODE = YES;
				CLANG_WARN__DUPLICATE_METHOD_MATCH = YES;
				COPY_PHASE_STRIP = NO;
				DEBUG_INFORMATION_FORMAT = "dwarf-with-dsym";
				ENABLE_NS_ASSERTIONS = NO;
				ENABLE_STRICT_OBJC_MSGSEND = YES;
				ENABLE_USER_SCRIPT_SANDBOXING = YES;
				GCC_C_LANGUAGE_STANDARD = gnu17;
				GCC_NO_COMMON_BLOCKS = YES;
				GCC_WARN_64_TO_32_BIT_CONVERSION = YES;
				GCC_WARN_ABOUT_RETURN_TYPE = YES_ERROR;
				GCC_WARN_UNDECLARED_SELECTOR = YES;
				GCC_WARN_UNINITIALIZED_AUTOS = YES_AGGRESSIVE;
				GCC_WARN_UNUSED_FUNCTION = YES;
				GCC_WARN_UNUSED_VARIABLE = YES;
				IPHONEOS_DEPLOYMENT_TARGET = 17.5;
				LOCALIZATION_PREFERS_STRING_CATALOGS = YES;
				MTL_ENABLE_DEBUG_INFO = NO;
				MTL_FAST_MATH = YES;
				SDKROOT = iphoneos;
				SWIFT_COMPILATION_MODE = wholemodule;
				VALIDATE_PRODUCT = YES;
			};
			name = Release;
		};
		33CD36732C18A4260032E8F7 /* Debug */ = {
			isa = XCBuildConfiguration;
			buildSettings = {
				ASSETCATALOG_COMPILER_APPICON_NAME = AppIcon;
				ASSETCATALOG_COMPILER_GLOBAL_ACCENT_COLOR_NAME = AccentColor;
				CODE_SIGN_STYLE = Automatic;
				CURRENT_PROJECT_VERSION = 1;
				DEVELOPMENT_ASSET_PATHS = "\"FilmArama/Preview Content\"";
				DEVELOPMENT_TEAM = VL5Q3Q4476;
				ENABLE_PREVIEWS = YES;
				GENERATE_INFOPLIST_FILE = YES;
				INFOPLIST_KEY_UIApplicationSceneManifest_Generation = YES;
				INFOPLIST_KEY_UIApplicationSupportsIndirectInputEvents = YES;
				INFOPLIST_KEY_UILaunchScreen_Generation = YES;
				INFOPLIST_KEY_UISupportedInterfaceOrientations_iPad = "UIInterfaceOrientationPortrait UIInterfaceOrientationPortraitUpsideDown UIInterfaceOrientationLandscapeLeft UIInterfaceOrientationLandscapeRight";
				INFOPLIST_KEY_UISupportedInterfaceOrientations_iPhone = "UIInterfaceOrientationPortrait UIInterfaceOrientationLandscapeLeft UIInterfaceOrientationLandscapeRight";
				LD_RUNPATH_SEARCH_PATHS = (
					"$(inherited)",
					"@executable_path/Frameworks",
				);
				MARKETING_VERSION = 1.0;
				PRODUCT_BUNDLE_IDENTIFIER = sevketugurel.FilmArama;
				PRODUCT_NAME = "$(TARGET_NAME)";
				SWIFT_EMIT_LOC_STRINGS = YES;
				SWIFT_VERSION = 5.0;
				TARGETED_DEVICE_FAMILY = "1,2";
			};
			name = Debug;
		};
		33CD36742C18A4260032E8F7 /* Release */ = {
			isa = XCBuildConfiguration;
			buildSettings = {
				ASSETCATALOG_COMPILER_APPICON_NAME = AppIcon;
				ASSETCATALOG_COMPILER_GLOBAL_ACCENT_COLOR_NAME = AccentColor;
				CODE_SIGN_STYLE = Automatic;
				CURRENT_PROJECT_VERSION = 1;
				DEVELOPMENT_ASSET_PATHS = "\"FilmArama/Preview Content\"";
				DEVELOPMENT_TEAM = VL5Q3Q4476;
				ENABLE_PREVIEWS = YES;
				GENERATE_INFOPLIST_FILE = YES;
				INFOPLIST_KEY_UIApplicationSceneManifest_Generation = YES;
				INFOPLIST_KEY_UIApplicationSupportsIndirectInputEvents = YES;
				INFOPLIST_KEY_UILaunchScreen_Generation = YES;
				INFOPLIST_KEY_UISupportedInterfaceOrientations_iPad = "UIInterfaceOrientationPortrait UIInterfaceOrientationPortraitUpsideDown UIInterfaceOrientationLandscapeLeft UIInterfaceOrientationLandscapeRight";
				INFOPLIST_KEY_UISupportedInterfaceOrientations_iPhone = "UIInterfaceOrientationPortrait UIInterfaceOrientationLandscapeLeft UIInterfaceOrientationLandscapeRight";
				LD_RUNPATH_SEARCH_PATHS = (
					"$(inherited)",
					"@executable_path/Frameworks",
				);
				MARKETING_VERSION = 1.0;
				PRODUCT_BUNDLE_IDENTIFIER = sevketugurel.FilmArama;
				PRODUCT_NAME = "$(TARGET_NAME)";
				SWIFT_EMIT_LOC_STRINGS = YES;
				SWIFT_VERSION = 5.0;
				TARGETED_DEVICE_FAMILY = "1,2";
			};
			name = Release;
		};
/* End XCBuildConfiguration section */

/* Begin XCConfigurationList section */
		33CD365F2C18A4250032E8F7 /* Build configuration list for PBXProject "FilmArama" */ = {
			isa = XCConfigurationList;
			buildConfigurations = (
				33CD36702C18A4260032E8F7 /* Debug */,
				33CD36712C18A4260032E8F7 /* Release */,
			);
			defaultConfigurationIsVisible = 0;
			defaultConfigurationName = Release;
		};
		33CD36722C18A4260032E8F7 /* Build configuration list for PBXNativeTarget "FilmArama" */ = {
			isa = XCConfigurationList;
			buildConfigurations = (
				33CD36732C18A4260032E8F7 /* Debug */,
				33CD36742C18A4260032E8F7 /* Release */,
			);
			defaultConfigurationIsVisible = 0;
			defaultConfigurationName = Release;
		};
/* End XCConfigurationList section */
	};
	rootObject = 33CD365C2C18A4250032E8F7 /* Project object */;
}
